// !$*UTF8*$!
{
	archiveVersion = 1;
	classes = {
	};
	objectVersion = 56;
	objects = {

/* Begin PBXBuildFile section */
		0236F71D29F3DD90004B06F7 /* AppDelegate.swift in Sources */ = {isa = PBXBuildFile; fileRef = 0236F71C29F3DD90004B06F7 /* AppDelegate.swift */; };
		0236F71F29F3DD90004B06F7 /* SceneDelegate.swift in Sources */ = {isa = PBXBuildFile; fileRef = 0236F71E29F3DD90004B06F7 /* SceneDelegate.swift */; };
		0236F72129F3DD90004B06F7 /* ViewController.swift in Sources */ = {isa = PBXBuildFile; fileRef = 0236F72029F3DD90004B06F7 /* ViewController.swift */; };
		0236F72629F3DD90004B06F7 /* Assets.xcassets in Resources */ = {isa = PBXBuildFile; fileRef = 0236F72529F3DD90004B06F7 /* Assets.xcassets */; };
		0236F73429F3DD91004B06F7 /* ToDoWithRealmTests.swift in Sources */ = {isa = PBXBuildFile; fileRef = 0236F73329F3DD91004B06F7 /* ToDoWithRealmTests.swift */; };
		0236F73E29F3DD91004B06F7 /* ToDoWithRealmUITests.swift in Sources */ = {isa = PBXBuildFile; fileRef = 0236F73D29F3DD91004B06F7 /* ToDoWithRealmUITests.swift */; };
		0236F74029F3DD91004B06F7 /* ToDoWithRealmUITestsLaunchTests.swift in Sources */ = {isa = PBXBuildFile; fileRef = 0236F73F29F3DD91004B06F7 /* ToDoWithRealmUITestsLaunchTests.swift */; };
		0236F74E29F3E21C004B06F7 /* Realm in Frameworks */ = {isa = PBXBuildFile; productRef = 0236F74D29F3E21C004B06F7 /* Realm */; };
		0236F75029F3E21C004B06F7 /* RealmSwift in Frameworks */ = {isa = PBXBuildFile; productRef = 0236F74F29F3E21C004B06F7 /* RealmSwift */; };
		0236F75229F3E237004B06F7 /* ToDoItem.swift in Sources */ = {isa = PBXBuildFile; fileRef = 0236F75129F3E237004B06F7 /* ToDoItem.swift */; };
		0236F75429F3E4E3004B06F7 /* AddViewController.swift in Sources */ = {isa = PBXBuildFile; fileRef = 0236F75329F3E4E3004B06F7 /* AddViewController.swift */; };
/* End PBXBuildFile section */

/* Begin PBXContainerItemProxy section */
		0236F73029F3DD91004B06F7 /* PBXContainerItemProxy */ = {
			isa = PBXContainerItemProxy;
			containerPortal = 0236F71129F3DD90004B06F7 /* Project object */;
			proxyType = 1;
			remoteGlobalIDString = 0236F71829F3DD90004B06F7;
			remoteInfo = ToDoWithRealm;
		};
		0236F73A29F3DD91004B06F7 /* PBXContainerItemProxy */ = {
			isa = PBXContainerItemProxy;
			containerPortal = 0236F71129F3DD90004B06F7 /* Project object */;
			proxyType = 1;
			remoteGlobalIDString = 0236F71829F3DD90004B06F7;
			remoteInfo = ToDoWithRealm;
		};
/* End PBXContainerItemProxy section */

/* Begin PBXFileReference section */
		0236F71929F3DD90004B06F7 /* ToDoWithRealm.app */ = {isa = PBXFileReference; explicitFileType = wrapper.application; includeInIndex = 0; path = ToDoWithRealm.app; sourceTree = BUILT_PRODUCTS_DIR; };
		0236F71C29F3DD90004B06F7 /* AppDelegate.swift */ = {isa = PBXFileReference; lastKnownFileType = sourcecode.swift; path = AppDelegate.swift; sourceTree = "<group>"; };
		0236F71E29F3DD90004B06F7 /* SceneDelegate.swift */ = {isa = PBXFileReference; lastKnownFileType = sourcecode.swift; path = SceneDelegate.swift; sourceTree = "<group>"; };
		0236F72029F3DD90004B06F7 /* ViewController.swift */ = {isa = PBXFileReference; lastKnownFileType = sourcecode.swift; path = ViewController.swift; sourceTree = "<group>"; };
		0236F72529F3DD90004B06F7 /* Assets.xcassets */ = {isa = PBXFileReference; lastKnownFileType = folder.assetcatalog; path = Assets.xcassets; sourceTree = "<group>"; };
		0236F72A29F3DD90004B06F7 /* Info.plist */ = {isa = PBXFileReference; lastKnownFileType = text.plist.xml; path = Info.plist; sourceTree = "<group>"; };
		0236F72F29F3DD91004B06F7 /* ToDoWithRealmTests.xctest */ = {isa = PBXFileReference; explicitFileType = wrapper.cfbundle; includeInIndex = 0; path = ToDoWithRealmTests.xctest; sourceTree = BUILT_PRODUCTS_DIR; };
		0236F73329F3DD91004B06F7 /* ToDoWithRealmTests.swift */ = {isa = PBXFileReference; lastKnownFileType = sourcecode.swift; path = ToDoWithRealmTests.swift; sourceTree = "<group>"; };
		0236F73929F3DD91004B06F7 /* ToDoWithRealmUITests.xctest */ = {isa = PBXFileReference; explicitFileType = wrapper.cfbundle; includeInIndex = 0; path = ToDoWithRealmUITests.xctest; sourceTree = BUILT_PRODUCTS_DIR; };
		0236F73D29F3DD91004B06F7 /* ToDoWithRealmUITests.swift */ = {isa = PBXFileReference; lastKnownFileType = sourcecode.swift; path = ToDoWithRealmUITests.swift; sourceTree = "<group>"; };
		0236F73F29F3DD91004B06F7 /* ToDoWithRealmUITestsLaunchTests.swift */ = {isa = PBXFileReference; lastKnownFileType = sourcecode.swift; path = ToDoWithRealmUITestsLaunchTests.swift; sourceTree = "<group>"; };
		0236F75129F3E237004B06F7 /* ToDoItem.swift */ = {isa = PBXFileReference; lastKnownFileType = sourcecode.swift; path = ToDoItem.swift; sourceTree = "<group>"; };
		0236F75329F3E4E3004B06F7 /* AddViewController.swift */ = {isa = PBXFileReference; lastKnownFileType = sourcecode.swift; path = AddViewController.swift; sourceTree = "<group>"; };
/* End PBXFileReference section */

/* Begin PBXFrameworksBuildPhase section */
		0236F71629F3DD90004B06F7 /* Frameworks */ = {
			isa = PBXFrameworksBuildPhase;
			buildActionMask = 2147483647;
			files = (
				0236F75029F3E21C004B06F7 /* RealmSwift in Frameworks */,
				0236F74E29F3E21C004B06F7 /* Realm in Frameworks */,
			);
			runOnlyForDeploymentPostprocessing = 0;
		};
		0236F72C29F3DD91004B06F7 /* Frameworks */ = {
			isa = PBXFrameworksBuildPhase;
			buildActionMask = 2147483647;
			files = (
			);
			runOnlyForDeploymentPostprocessing = 0;
		};
		0236F73629F3DD91004B06F7 /* Frameworks */ = {
			isa = PBXFrameworksBuildPhase;
			buildActionMask = 2147483647;
			files = (
			);
			runOnlyForDeploymentPostprocessing = 0;
		};
/* End PBXFrameworksBuildPhase section */

/* Begin PBXGroup section */
		0236F71029F3DD90004B06F7 = {
			isa = PBXGroup;
			children = (
				0236F71B29F3DD90004B06F7 /* ToDoWithRealm */,
				0236F73229F3DD91004B06F7 /* ToDoWithRealmTests */,
				0236F73C29F3DD91004B06F7 /* ToDoWithRealmUITests */,
				0236F71A29F3DD90004B06F7 /* Products */,
			);
			sourceTree = "<group>";
		};
		0236F71A29F3DD90004B06F7 /* Products */ = {
			isa = PBXGroup;
			children = (
				0236F71929F3DD90004B06F7 /* ToDoWithRealm.app */,
				0236F72F29F3DD91004B06F7 /* ToDoWithRealmTests.xctest */,
				0236F73929F3DD91004B06F7 /* ToDoWithRealmUITests.xctest */,
			);
			name = Products;
			sourceTree = "<group>";
		};
		0236F71B29F3DD90004B06F7 /* ToDoWithRealm */ = {
			isa = PBXGroup;
			children = (
				0236F71C29F3DD90004B06F7 /* AppDelegate.swift */,
				0236F71E29F3DD90004B06F7 /* SceneDelegate.swift */,
				0236F72029F3DD90004B06F7 /* ViewController.swift */,
				0236F72529F3DD90004B06F7 /* Assets.xcassets */,
				0236F72A29F3DD90004B06F7 /* Info.plist */,
				0236F75129F3E237004B06F7 /* ToDoItem.swift */,
				0236F75329F3E4E3004B06F7 /* AddViewController.swift */,
			);
			path = ToDoWithRealm;
			sourceTree = "<group>";
		};
		0236F73229F3DD91004B06F7 /* ToDoWithRealmTests */ = {
			isa = PBXGroup;
			children = (
				0236F73329F3DD91004B06F7 /* ToDoWithRealmTests.swift */,
			);
			path = ToDoWithRealmTests;
			sourceTree = "<group>";
		};
		0236F73C29F3DD91004B06F7 /* ToDoWithRealmUITests */ = {
			isa = PBXGroup;
			children = (
				0236F73D29F3DD91004B06F7 /* ToDoWithRealmUITests.swift */,
				0236F73F29F3DD91004B06F7 /* ToDoWithRealmUITestsLaunchTests.swift */,
			);
			path = ToDoWithRealmUITests;
			sourceTree = "<group>";
		};
/* End PBXGroup section */

/* Begin PBXNativeTarget section */
		0236F71829F3DD90004B06F7 /* ToDoWithRealm */ = {
			isa = PBXNativeTarget;
			buildConfigurationList = 0236F74329F3DD91004B06F7 /* Build configuration list for PBXNativeTarget "ToDoWithRealm" */;
			buildPhases = (
				0236F71529F3DD90004B06F7 /* Sources */,
				0236F71629F3DD90004B06F7 /* Frameworks */,
				0236F71729F3DD90004B06F7 /* Resources */,
			);
			buildRules = (
			);
			dependencies = (
			);
			name = ToDoWithRealm;
			packageProductDependencies = (
				0236F74D29F3E21C004B06F7 /* Realm */,
				0236F74F29F3E21C004B06F7 /* RealmSwift */,
			);
			productName = ToDoWithRealm;
			productReference = 0236F71929F3DD90004B06F7 /* ToDoWithRealm.app */;
			productType = "com.apple.product-type.application";
		};
		0236F72E29F3DD91004B06F7 /* ToDoWithRealmTests */ = {
			isa = PBXNativeTarget;
			buildConfigurationList = 0236F74629F3DD91004B06F7 /* Build configuration list for PBXNativeTarget "ToDoWithRealmTests" */;
			buildPhases = (
				0236F72B29F3DD91004B06F7 /* Sources */,
				0236F72C29F3DD91004B06F7 /* Frameworks */,
				0236F72D29F3DD91004B06F7 /* Resources */,
			);
			buildRules = (
			);
			dependencies = (
				0236F73129F3DD91004B06F7 /* PBXTargetDependency */,
			);
			name = ToDoWithRealmTests;
			productName = ToDoWithRealmTests;
			productReference = 0236F72F29F3DD91004B06F7 /* ToDoWithRealmTests.xctest */;
			productType = "com.apple.product-type.bundle.unit-test";
		};
		0236F73829F3DD91004B06F7 /* ToDoWithRealmUITests */ = {
			isa = PBXNativeTarget;
			buildConfigurationList = 0236F74929F3DD91004B06F7 /* Build configuration list for PBXNativeTarget "ToDoWithRealmUITests" */;
			buildPhases = (
				0236F73529F3DD91004B06F7 /* Sources */,
				0236F73629F3DD91004B06F7 /* Frameworks */,
				0236F73729F3DD91004B06F7 /* Resources */,
			);
			buildRules = (
			);
			dependencies = (
				0236F73B29F3DD91004B06F7 /* PBXTargetDependency */,
			);
			name = ToDoWithRealmUITests;
			productName = ToDoWithRealmUITests;
			productReference = 0236F73929F3DD91004B06F7 /* ToDoWithRealmUITests.xctest */;
			productType = "com.apple.product-type.bundle.ui-testing";
		};
/* End PBXNativeTarget section */

/* Begin PBXProject section */
		0236F71129F3DD90004B06F7 /* Project object */ = {
			isa = PBXProject;
			attributes = {
				BuildIndependentTargetsInParallel = 1;
				LastSwiftUpdateCheck = 1430;
				LastUpgradeCheck = 1430;
				TargetAttributes = {
					0236F71829F3DD90004B06F7 = {
						CreatedOnToolsVersion = 14.3;
					};
					0236F72E29F3DD91004B06F7 = {
						CreatedOnToolsVersion = 14.3;
						TestTargetID = 0236F71829F3DD90004B06F7;
					};
					0236F73829F3DD91004B06F7 = {
						CreatedOnToolsVersion = 14.3;
						TestTargetID = 0236F71829F3DD90004B06F7;
					};
				};
			};
			buildConfigurationList = 0236F71429F3DD90004B06F7 /* Build configuration list for PBXProject "ToDoWithRealm" */;
			compatibilityVersion = "Xcode 14.0";
			developmentRegion = en;
			hasScannedForEncodings = 0;
			knownRegions = (
				en,
				Base,
			);
			mainGroup = 0236F71029F3DD90004B06F7;
			packageReferences = (
				0236F74C29F3E21C004B06F7 /* XCRemoteSwiftPackageReference "realm-swift" */,
			);
			productRefGroup = 0236F71A29F3DD90004B06F7 /* Products */;
			projectDirPath = "";
			projectRoot = "";
			targets = (
				0236F71829F3DD90004B06F7 /* ToDoWithRealm */,
				0236F72E29F3DD91004B06F7 /* ToDoWithRealmTests */,
				0236F73829F3DD91004B06F7 /* ToDoWithRealmUITests */,
			);
		};
/* End PBXProject section */

/* Begin PBXResourcesBuildPhase section */
		0236F71729F3DD90004B06F7 /* Resources */ = {
			isa = PBXResourcesBuildPhase;
			buildActionMask = 2147483647;
			files = (
				0236F72629F3DD90004B06F7 /* Assets.xcassets in Resources */,
			);
			runOnlyForDeploymentPostprocessing = 0;
		};
		0236F72D29F3DD91004B06F7 /* Resources */ = {
			isa = PBXResourcesBuildPhase;
			buildActionMask = 2147483647;
			files = (
			);
			runOnlyForDeploymentPostprocessing = 0;
		};
		0236F73729F3DD91004B06F7 /* Resources */ = {
			isa = PBXResourcesBuildPhase;
			buildActionMask = 2147483647;
			files = (
			);
			runOnlyForDeploymentPostprocessing = 0;
		};
/* End PBXResourcesBuildPhase section */

/* Begin PBXSourcesBuildPhase section */
		0236F71529F3DD90004B06F7 /* Sources */ = {
			isa = PBXSourcesBuildPhase;
			buildActionMask = 2147483647;
			files = (
				0236F75429F3E4E3004B06F7 /* AddViewController.swift in Sources */,
				0236F72129F3DD90004B06F7 /* ViewController.swift in Sources */,
				0236F71D29F3DD90004B06F7 /* AppDelegate.swift in Sources */,
				0236F75229F3E237004B06F7 /* ToDoItem.swift in Sources */,
				0236F71F29F3DD90004B06F7 /* SceneDelegate.swift in Sources */,
			);
			runOnlyForDeploymentPostprocessing = 0;
		};
		0236F72B29F3DD91004B06F7 /* Sources */ = {
			isa = PBXSourcesBuildPhase;
			buildActionMask = 2147483647;
			files = (
				0236F73429F3DD91004B06F7 /* ToDoWithRealmTests.swift in Sources */,
			);
			runOnlyForDeploymentPostprocessing = 0;
		};
		0236F73529F3DD91004B06F7 /* Sources */ = {
			isa = PBXSourcesBuildPhase;
			buildActionMask = 2147483647;
			files = (
				0236F74029F3DD91004B06F7 /* ToDoWithRealmUITestsLaunchTests.swift in Sources */,
				0236F73E29F3DD91004B06F7 /* ToDoWithRealmUITests.swift in Sources */,
			);
			runOnlyForDeploymentPostprocessing = 0;
		};
/* End PBXSourcesBuildPhase section */

/* Begin PBXTargetDependency section */
		0236F73129F3DD91004B06F7 /* PBXTargetDependency */ = {
			isa = PBXTargetDependency;
			target = 0236F71829F3DD90004B06F7 /* ToDoWithRealm */;
			targetProxy = 0236F73029F3DD91004B06F7 /* PBXContainerItemProxy */;
		};
		0236F73B29F3DD91004B06F7 /* PBXTargetDependency */ = {
			isa = PBXTargetDependency;
			target = 0236F71829F3DD90004B06F7 /* ToDoWithRealm */;
			targetProxy = 0236F73A29F3DD91004B06F7 /* PBXContainerItemProxy */;
		};
/* End PBXTargetDependency section */

/* Begin XCBuildConfiguration section */
		0236F74129F3DD91004B06F7 /* Debug */ = {
			isa = XCBuildConfiguration;
			buildSettings = {
				ALWAYS_SEARCH_USER_PATHS = NO;
				CLANG_ANALYZER_NONNULL = YES;
				CLANG_ANALYZER_NUMBER_OBJECT_CONVERSION = YES_AGGRESSIVE;
				CLANG_CXX_LANGUAGE_STANDARD = "gnu++20";
				CLANG_ENABLE_MODULES = YES;
				CLANG_ENABLE_OBJC_ARC = YES;
				CLANG_ENABLE_OBJC_WEAK = YES;
				CLANG_WARN_BLOCK_CAPTURE_AUTORELEASING = YES;
				CLANG_WARN_BOOL_CONVERSION = YES;
				CLANG_WARN_COMMA = YES;
				CLANG_WARN_CONSTANT_CONVERSION = YES;
				CLANG_WARN_DEPRECATED_OBJC_IMPLEMENTATIONS = YES;
				CLANG_WARN_DIRECT_OBJC_ISA_USAGE = YES_ERROR;
				CLANG_WARN_DOCUMENTATION_COMMENTS = YES;
				CLANG_WARN_EMPTY_BODY = YES;
				CLANG_WARN_ENUM_CONVERSION = YES;
				CLANG_WARN_INFINITE_RECURSION = YES;
				CLANG_WARN_INT_CONVERSION = YES;
				CLANG_WARN_NON_LITERAL_NULL_CONVERSION = YES;
				CLANG_WARN_OBJC_IMPLICIT_RETAIN_SELF = YES;
				CLANG_WARN_OBJC_LITERAL_CONVERSION = YES;
				CLANG_WARN_OBJC_ROOT_CLASS = YES_ERROR;
				CLANG_WARN_QUOTED_INCLUDE_IN_FRAMEWORK_HEADER = YES;
				CLANG_WARN_RANGE_LOOP_ANALYSIS = YES;
				CLANG_WARN_STRICT_PROTOTYPES = YES;
				CLANG_WARN_SUSPICIOUS_MOVE = YES;
				CLANG_WARN_UNGUARDED_AVAILABILITY = YES_AGGRESSIVE;
				CLANG_WARN_UNREACHABLE_CODE = YES;
				CLANG_WARN__DUPLICATE_METHOD_MATCH = YES;
				COPY_PHASE_STRIP = NO;
				DEBUG_INFORMATION_FORMAT = dwarf;
				ENABLE_STRICT_OBJC_MSGSEND = YES;
				ENABLE_TESTABILITY = YES;
				GCC_C_LANGUAGE_STANDARD = gnu11;
				GCC_DYNAMIC_NO_PIC = NO;
				GCC_NO_COMMON_BLOCKS = YES;
				GCC_OPTIMIZATION_LEVEL = 0;
				GCC_PREPROCESSOR_DEFINITIONS = (
					"DEBUG=1",
					"$(inherited)",
				);
				GCC_WARN_64_TO_32_BIT_CONVERSION = YES;
				GCC_WARN_ABOUT_RETURN_TYPE = YES_ERROR;
				GCC_WARN_UNDECLARED_SELECTOR = YES;
				GCC_WARN_UNINITIALIZED_AUTOS = YES_AGGRESSIVE;
				GCC_WARN_UNUSED_FUNCTION = YES;
				GCC_WARN_UNUSED_VARIABLE = YES;
				IPHONEOS_DEPLOYMENT_TARGET = 16.4;
				MTL_ENABLE_DEBUG_INFO = INCLUDE_SOURCE;
				MTL_FAST_MATH = YES;
				ONLY_ACTIVE_ARCH = YES;
				SDKROOT = iphoneos;
				SWIFT_ACTIVE_COMPILATION_CONDITIONS = DEBUG;
				SWIFT_OPTIMIZATION_LEVEL = "-Onone";
			};
			name = Debug;
		};
		0236F74229F3DD91004B06F7 /* Release */ = {
			isa = XCBuildConfiguration;
			buildSettings = {
				ALWAYS_SEARCH_USER_PATHS = NO;
				CLANG_ANALYZER_NONNULL = YES;
				CLANG_ANALYZER_NUMBER_OBJECT_CONVERSION = YES_AGGRESSIVE;
				CLANG_CXX_LANGUAGE_STANDARD = "gnu++20";
				CLANG_ENABLE_MODULES = YES;
				CLANG_ENABLE_OBJC_ARC = YES;
				CLANG_ENABLE_OBJC_WEAK = YES;
				CLANG_WARN_BLOCK_CAPTURE_AUTORELEASING = YES;
				CLANG_WARN_BOOL_CONVERSION = YES;
				CLANG_WARN_COMMA = YES;
				CLANG_WARN_CONSTANT_CONVERSION = YES;
				CLANG_WARN_DEPRECATED_OBJC_IMPLEMENTATIONS = YES;
				CLANG_WARN_DIRECT_OBJC_ISA_USAGE = YES_ERROR;
				CLANG_WARN_DOCUMENTATION_COMMENTS = YES;
				CLANG_WARN_EMPTY_BODY = YES;
				CLANG_WARN_ENUM_CONVERSION = YES;
				CLANG_WARN_INFINITE_RECURSION = YES;
				CLANG_WARN_INT_CONVERSION = YES;
				CLANG_WARN_NON_LITERAL_NULL_CONVERSION = YES;
				CLANG_WARN_OBJC_IMPLICIT_RETAIN_SELF = YES;
				CLANG_WARN_OBJC_LITERAL_CONVERSION = YES;
				CLANG_WARN_OBJC_ROOT_CLASS = YES_ERROR;
				CLANG_WARN_QUOTED_INCLUDE_IN_FRAMEWORK_HEADER = YES;
				CLANG_WARN_RANGE_LOOP_ANALYSIS = YES;
				CLANG_WARN_STRICT_PROTOTYPES = YES;
				CLANG_WARN_SUSPICIOUS_MOVE = YES;
				CLANG_WARN_UNGUARDED_AVAILABILITY = YES_AGGRESSIVE;
				CLANG_WARN_UNREACHABLE_CODE = YES;
				CLANG_WARN__DUPLICATE_METHOD_MATCH = YES;
				COPY_PHASE_STRIP = NO;
				DEBUG_INFORMATION_FORMAT = "dwarf-with-dsym";
				ENABLE_NS_ASSERTIONS = NO;
				ENABLE_STRICT_OBJC_MSGSEND = YES;
				GCC_C_LANGUAGE_STANDARD = gnu11;
				GCC_NO_COMMON_BLOCKS = YES;
				GCC_WARN_64_TO_32_BIT_CONVERSION = YES;
				GCC_WARN_ABOUT_RETURN_TYPE = YES_ERROR;
				GCC_WARN_UNDECLARED_SELECTOR = YES;
				GCC_WARN_UNINITIALIZED_AUTOS = YES_AGGRESSIVE;
				GCC_WARN_UNUSED_FUNCTION = YES;
				GCC_WARN_UNUSED_VARIABLE = YES;
				IPHONEOS_DEPLOYMENT_TARGET = 16.4;
				MTL_ENABLE_DEBUG_INFO = NO;
				MTL_FAST_MATH = YES;
				SDKROOT = iphoneos;
				SWIFT_COMPILATION_MODE = wholemodule;
				SWIFT_OPTIMIZATION_LEVEL = "-O";
				VALIDATE_PRODUCT = YES;
			};
			name = Release;
		};
		0236F74429F3DD91004B06F7 /* Debug */ = {
			isa = XCBuildConfiguration;
			buildSettings = {
				ASSETCATALOG_COMPILER_APPICON_NAME = AppIcon;
				ASSETCATALOG_COMPILER_GLOBAL_ACCENT_COLOR_NAME = AccentColor;
				CODE_SIGN_STYLE = Automatic;
				CURRENT_PROJECT_VERSION = 1;
				GENERATE_INFOPLIST_FILE = YES;
				INFOPLIST_FILE = ToDoWithRealm/Info.plist;
				INFOPLIST_KEY_UIApplicationSupportsIndirectInputEvents = YES;
				INFOPLIST_KEY_UISupportedInterfaceOrientations_iPad = "UIInterfaceOrientationPortrait UIInterfaceOrientationPortraitUpsideDown UIInterfaceOrientationLandscapeLeft UIInterfaceOrientationLandscapeRight";
				INFOPLIST_KEY_UISupportedInterfaceOrientations_iPhone = "UIInterfaceOrientationPortrait UIInterfaceOrientationLandscapeLeft UIInterfaceOrientationLandscapeRight";
				LD_RUNPATH_SEARCH_PATHS = (
					"$(inherited)",
					"@executable_path/Frameworks",
				);
				MARKETING_VERSION = 1.0;
				PRODUCT_BUNDLE_IDENTIFIER = com.spreys.ToDoWithRealm;
				PRODUCT_NAME = "$(TARGET_NAME)";
				SWIFT_EMIT_LOC_STRINGS = YES;
				SWIFT_VERSION = 5.0;
				TARGETED_DEVICE_FAMILY = "1,2";
			};
			name = Debug;
		};
		0236F74529F3DD91004B06F7 /* Release */ = {
			isa = XCBuildConfiguration;
			buildSettings = {
				ASSETCATALOG_COMPILER_APPICON_NAME = AppIcon;
				ASSETCATALOG_COMPILER_GLOBAL_ACCENT_COLOR_NAME = AccentColor;
				CODE_SIGN_STYLE = Automatic;
				CURRENT_PROJECT_VERSION = 1;
				GENERATE_INFOPLIST_FILE = YES;
				INFOPLIST_FILE = ToDoWithRealm/Info.plist;
				INFOPLIST_KEY_UIApplicationSupportsIndirectInputEvents = YES;
				INFOPLIST_KEY_UISupportedInterfaceOrientations_iPad = "UIInterfaceOrientationPortrait UIInterfaceOrientationPortraitUpsideDown UIInterfaceOrientationLandscapeLeft UIInterfaceOrientationLandscapeRight";
				INFOPLIST_KEY_UISupportedInterfaceOrientations_iPhone = "UIInterfaceOrientationPortrait UIInterfaceOrientationLandscapeLeft UIInterfaceOrientationLandscapeRight";
				LD_RUNPATH_SEARCH_PATHS = (
					"$(inherited)",
					"@executable_path/Frameworks",
				);
				MARKETING_VERSION = 1.0;
				PRODUCT_BUNDLE_IDENTIFIER = com.spreys.ToDoWithRealm;
				PRODUCT_NAME = "$(TARGET_NAME)";
				SWIFT_EMIT_LOC_STRINGS = YES;
				SWIFT_VERSION = 5.0;
				TARGETED_DEVICE_FAMILY = "1,2";
			};
			name = Release;
		};
		0236F74729F3DD91004B06F7 /* Debug */ = {
			isa = XCBuildConfiguration;
			buildSettings = {
				ALWAYS_EMBED_SWIFT_STANDARD_LIBRARIES = YES;
				BUNDLE_LOADER = "$(TEST_HOST)";
				CODE_SIGN_STYLE = Automatic;
				CURRENT_PROJECT_VERSION = 1;
				GENERATE_INFOPLIST_FILE = YES;
				IPHONEOS_DEPLOYMENT_TARGET = 16.4;
				MARKETING_VERSION = 1.0;
				PRODUCT_BUNDLE_IDENTIFIER = com.spreys.ToDoWithRealmTests;
				PRODUCT_NAME = "$(TARGET_NAME)";
				SWIFT_EMIT_LOC_STRINGS = NO;
				SWIFT_VERSION = 5.0;
				TARGETED_DEVICE_FAMILY = "1,2";
				TEST_HOST = "$(BUILT_PRODUCTS_DIR)/ToDoWithRealm.app/$(BUNDLE_EXECUTABLE_FOLDER_PATH)/ToDoWithRealm";
			};
			name = Debug;
		};
		0236F74829F3DD91004B06F7 /* Release */ = {
			isa = XCBuildConfiguration;
			buildSettings = {
				ALWAYS_EMBED_SWIFT_STANDARD_LIBRARIES = YES;
				BUNDLE_LOADER = "$(TEST_HOST)";
				CODE_SIGN_STYLE = Automatic;
				CURRENT_PROJECT_VERSION = 1;
				GENERATE_INFOPLIST_FILE = YES;
				IPHONEOS_DEPLOYMENT_TARGET = 16.4;
				MARKETING_VERSION = 1.0;
				PRODUCT_BUNDLE_IDENTIFIER = com.spreys.ToDoWithRealmTests;
				PRODUCT_NAME = "$(TARGET_NAME)";
				SWIFT_EMIT_LOC_STRINGS = NO;
				SWIFT_VERSION = 5.0;
				TARGETED_DEVICE_FAMILY = "1,2";
				TEST_HOST = "$(BUILT_PRODUCTS_DIR)/ToDoWithRealm.app/$(BUNDLE_EXECUTABLE_FOLDER_PATH)/ToDoWithRealm";
			};
			name = Release;
		};
		0236F74A29F3DD91004B06F7 /* Debug */ = {
			isa = XCBuildConfiguration;
			buildSettings = {
				ALWAYS_EMBED_SWIFT_STANDARD_LIBRARIES = YES;
				CODE_SIGN_STYLE = Automatic;
				CURRENT_PROJECT_VERSION = 1;
				GENERATE_INFOPLIST_FILE = YES;
				MARKETING_VERSION = 1.0;
				PRODUCT_BUNDLE_IDENTIFIER = com.spreys.ToDoWithRealmUITests;
				PRODUCT_NAME = "$(TARGET_NAME)";
				SWIFT_EMIT_LOC_STRINGS = NO;
				SWIFT_VERSION = 5.0;
				TARGETED_DEVICE_FAMILY = "1,2";
				TEST_TARGET_NAME = ToDoWithRealm;
			};
			name = Debug;
		};
		0236F74B29F3DD91004B06F7 /* Release */ = {
			isa = XCBuildConfiguration;
			buildSettings = {
				ALWAYS_EMBED_SWIFT_STANDARD_LIBRARIES = YES;
				CODE_SIGN_STYLE = Automatic;
				CURRENT_PROJECT_VERSION = 1;
				GENERATE_INFOPLIST_FILE = YES;
				MARKETING_VERSION = 1.0;
				PRODUCT_BUNDLE_IDENTIFIER = com.spreys.ToDoWithRealmUITests;
				PRODUCT_NAME = "$(TARGET_NAME)";
				SWIFT_EMIT_LOC_STRINGS = NO;
				SWIFT_VERSION = 5.0;
				TARGETED_DEVICE_FAMILY = "1,2";
				TEST_TARGET_NAME = ToDoWithRealm;
			};
			name = Release;
		};
/* End XCBuildConfiguration section */

/* Begin XCConfigurationList section */
		0236F71429F3DD90004B06F7 /* Build configuration list for PBXProject "ToDoWithRealm" */ = {
			isa = XCConfigurationList;
			buildConfigurations = (
				0236F74129F3DD91004B06F7 /* Debug */,
				0236F74229F3DD91004B06F7 /* Release */,
			);
			defaultConfigurationIsVisible = 0;
			defaultConfigurationName = Release;
		};
		0236F74329F3DD91004B06F7 /* Build configuration list for PBXNativeTarget "ToDoWithRealm" */ = {
			isa = XCConfigurationList;
			buildConfigurations = (
				0236F74429F3DD91004B06F7 /* Debug */,
				0236F74529F3DD91004B06F7 /* Release */,
			);
			defaultConfigurationIsVisible = 0;
			defaultConfigurationName = Release;
		};
		0236F74629F3DD91004B06F7 /* Build configuration list for PBXNativeTarget "ToDoWithRealmTests" */ = {
			isa = XCConfigurationList;
			buildConfigurations = (
				0236F74729F3DD91004B06F7 /* Debug */,
				0236F74829F3DD91004B06F7 /* Release */,
			);
			defaultConfigurationIsVisible = 0;
			defaultConfigurationName = Release;
		};
		0236F74929F3DD91004B06F7 /* Build configuration list for PBXNativeTarget "ToDoWithRealmUITests" */ = {
			isa = XCConfigurationList;
			buildConfigurations = (
				0236F74A29F3DD91004B06F7 /* Debug */,
				0236F74B29F3DD91004B06F7 /* Release */,
			);
			defaultConfigurationIsVisible = 0;
			defaultConfigurationName = Release;
		};
/* End XCConfigurationList section */

/* Begin XCRemoteSwiftPackageReference section */
		0236F74C29F3E21C004B06F7 /* XCRemoteSwiftPackageReference "realm-swift" */ = {
			isa = XCRemoteSwiftPackageReference;
			repositoryURL = "https://github.com/realm/realm-swift.git";
			requirement = {
				branch = master;
				kind = branch;
			};
		};
/* End XCRemoteSwiftPackageReference section */

/* Begin XCSwiftPackageProductDependency section */
		0236F74D29F3E21C004B06F7 /* Realm */ = {
			isa = XCSwiftPackageProductDependency;
			package = 0236F74C29F3E21C004B06F7 /* XCRemoteSwiftPackageReference "realm-swift" */;
			productName = Realm;
		};
		0236F74F29F3E21C004B06F7 /* RealmSwift */ = {
			isa = XCSwiftPackageProductDependency;
			package = 0236F74C29F3E21C004B06F7 /* XCRemoteSwiftPackageReference "realm-swift" */;
			productName = RealmSwift;
		};
/* End XCSwiftPackageProductDependency section */
	};
	rootObject = 0236F71129F3DD90004B06F7 /* Project object */;
}
